
Microsoft Visual Studio Solution File, Format Version 12.00
# Visual Studio 14
VisualStudioVersion = 14.0.23107.0
MinimumVisualStudioVersion = 10.0.40219.1
Project("{FAE04EC0-301F-11D3-BF4B-00C04F79EFBC}") = "SONASoft", "SONASoft\SONASoft.csproj", "{C4928CF2-2952-45D8-AA4E-8A3F1CE9747F}"
EndProject
Project("{FAE04EC0-301F-11D3-BF4B-00C04F79EFBC}") = "Librairie", "Librairie\Librairie.csproj", "{3DF04422-A1C0-45C8-9BB6-DB9C8576B512}"
EndProject
Project("{FAE04EC0-301F-11D3-BF4B-00C04F79EFBC}") = "OneConnexion", "OneConnexion\OneConnexion.csproj", "{25436168-6A7B-484F-872A-26EBC93EF33C}"
EndProject
Global
	GlobalSection(SolutionConfigurationPlatforms) = preSolution
		Debug|Any CPU = Debug|Any CPU
		Release|Any CPU = Release|Any CPU
	EndGlobalSection
	GlobalSection(ProjectConfigurationPlatforms) = postSolution
		{C4928CF2-2952-45D8-AA4E-8A3F1CE9747F}.Debug|Any CPU.ActiveCfg = Debug|Any CPU
		{C4928CF2-2952-45D8-AA4E-8A3F1CE9747F}.Debug|Any CPU.Build.0 = Debug|Any CPU
		{C4928CF2-2952-45D8-AA4E-8A3F1CE9747F}.Release|Any CPU.ActiveCfg = Release|Any CPU
		{C4928CF2-2952-45D8-AA4E-8A3F1CE9747F}.Release|Any CPU.Build.0 = Release|Any CPU
		{3DF04422-A1C0-45C8-9BB6-DB9C8576B512}.Debug|Any CPU.ActiveCfg = Debug|Any CPU
		{3DF04422-A1C0-45C8-9BB6-DB9C8576B512}.Debug|Any CPU.Build.0 = Debug|Any CPU
		{3DF04422-A1C0-45C8-9BB6-DB9C8576B512}.Release|Any CPU.ActiveCfg = Release|Any CPU
		{3DF04422-A1C0-45C8-9BB6-DB9C8576B512}.Release|Any CPU.Build.0 = Release|Any CPU
		{25436168-6A7B-484F-872A-26EBC93EF33C}.Debug|Any CPU.ActiveCfg = Debug|Any CPU
		{25436168-6A7B-484F-872A-26EBC93EF33C}.Debug|Any CPU.Build.0 = Debug|Any CPU
		{25436168-6A7B-484F-872A-26EBC93EF33C}.Release|Any CPU.ActiveCfg = Release|Any CPU
		{25436168-6A7B-484F-872A-26EBC93EF33C}.Release|Any CPU.Build.0 = Release|Any CPU
	EndGlobalSection
	GlobalSection(SolutionProperties) = preSolution
		HideSolutionNode = FALSE
	EndGlobalSection
EndGlobal
